
Microsoft Visual Studio Solution File, Format Version 12.00
# Visual Studio 15
VisualStudioVersion = 15.0.27703.2026
MinimumVisualStudioVersion = 10.0.40219.1
Project("{FAE04EC0-301F-11D3-BF4B-00C04F79EFBC}") = "Rectangle_Triangle", "Rectangle_Triangle\Rectangle_Triangle.csproj", "{9E24C18D-90B7-4D47-84A4-EC2F4F6DEBA5}"
EndProject
Global
	GlobalSection(SolutionConfigurationPlatforms) = preSolution
		Debug|Any CPU = Debug|Any CPU
		Release|Any CPU = Release|Any CPU
	EndGlobalSection
	GlobalSection(ProjectConfigurationPlatforms) = postSolution
		{9E24C18D-90B7-4D47-84A4-EC2F4F6DEBA5}.Debug|Any CPU.ActiveCfg = Debug|Any CPU
		{9E24C18D-90B7-4D47-84A4-EC2F4F6DEBA5}.Debug|Any CPU.Build.0 = Debug|Any CPU
		{9E24C18D-90B7-4D47-84A4-EC2F4F6DEBA5}.Release|Any CPU.ActiveCfg = Release|Any CPU
		{9E24C18D-90B7-4D47-84A4-EC2F4F6DEBA5}.Release|Any CPU.Build.0 = Release|Any CPU
	EndGlobalSection
	GlobalSection(SolutionProperties) = preSolution
		HideSolutionNode = FALSE
	EndGlobalSection
	GlobalSection(ExtensibilityGlobals) = postSolution
		SolutionGuid = {126237CA-67EE-4881-85D9-A16A38CDD8ED}
	EndGlobalSection
EndGlobal
