
Microsoft Visual Studio Solution File, Format Version 12.00
# Visual Studio 15
VisualStudioVersion = 15.0.27703.2026
MinimumVisualStudioVersion = 10.0.40219.1
Project("{FAE04EC0-301F-11D3-BF4B-00C04F79EFBC}") = "WindowsFormsApp1", "WindowsFormsApp1\WindowsFormsApp1.csproj", "{47CEC91D-650E-4C67-A824-6C75FB25B809}"
EndProject
Global
	GlobalSection(SolutionConfigurationPlatforms) = preSolution
		Debug|Any CPU = Debug|Any CPU
		Release|Any CPU = Release|Any CPU
	EndGlobalSection
	GlobalSection(ProjectConfigurationPlatforms) = postSolution
		{47CEC91D-650E-4C67-A824-6C75FB25B809}.Debug|Any CPU.ActiveCfg = Debug|Any CPU
		{47CEC91D-650E-4C67-A824-6C75FB25B809}.Debug|Any CPU.Build.0 = Debug|Any CPU
		{47CEC91D-650E-4C67-A824-6C75FB25B809}.Release|Any CPU.ActiveCfg = Release|Any CPU
		{47CEC91D-650E-4C67-A824-6C75FB25B809}.Release|Any CPU.Build.0 = Release|Any CPU
	EndGlobalSection
	GlobalSection(SolutionProperties) = preSolution
		HideSolutionNode = FALSE
	EndGlobalSection
	GlobalSection(ExtensibilityGlobals) = postSolution
		SolutionGuid = {C3D41162-A06D-45C4-826D-DC70A559BBD1}
	EndGlobalSection
EndGlobal
